PODS:
  - Curve25519 (1.1)
  - SwiftProtobuf (1.10.2)

DEPENDENCIES:
  - Curve25519 (~> 1.1.0)
  - SwiftProtobuf (~> 1.0)

SPEC REPOS:
  trunk:
    - Curve25519
    - SwiftProtobuf

SPEC CHECKSUMS:
  Curve25519: 5f595e906bd962248665978e2992a1fe96e2d831
  SwiftProtobuf: bec1ae7d686ff73dd09d79866154f4970b891410

PODFILE CHECKSUM: e06b8cb987829bbfcc50bac6952dd51a1a694ecc

COCOAPODS: 1.10.1
